// !$*UTF8*$!
{
	archiveVersion = 1;
	classes = {
	};
	objectVersion = 50;
	objects = {

/* Begin PBXBuildFile section */
		0CFA4E3F239D9E3500FE1C71 /* AppDelegate.swift in Sources */ = {isa = PBXBuildFile; fileRef = 0CFA4E3E239D9E3500FE1C71 /* AppDelegate.swift */; };
		0CFA4E41239D9E3500FE1C71 /* SceneDelegate.swift in Sources */ = {isa = PBXBuildFile; fileRef = 0CFA4E40239D9E3500FE1C71 /* SceneDelegate.swift */; };
		0CFA4E46239D9E3500FE1C71 /* Main.storyboard in Resources */ = {isa = PBXBuildFile; fileRef = 0CFA4E44239D9E3500FE1C71 /* Main.storyboard */; };
		0CFA4E48239D9E3800FE1C71 /* Assets.xcassets in Resources */ = {isa = PBXBuildFile; fileRef = 0CFA4E47239D9E3800FE1C71 /* Assets.xcassets */; };
		0CFA4E4B239D9E3800FE1C71 /* LaunchScreen.storyboard in Resources */ = {isa = PBXBuildFile; fileRef = 0CFA4E49239D9E3800FE1C71 /* LaunchScreen.storyboard */; };
		0CFA4E55239D9E8800FE1C71 /* Bundle+Extensions.swift in Sources */ = {isa = PBXBuildFile; fileRef = 0CFA4E54239D9E8800FE1C71 /* Bundle+Extensions.swift */; };
		0CFA4E57239D9E9000FE1C71 /* UserInfo.swift in Sources */ = {isa = PBXBuildFile; fileRef = 0CFA4E56239D9E9000FE1C71 /* UserInfo.swift */; };
		0CFA4E59239D9E9F00FE1C71 /* userinfo.json in Resources */ = {isa = PBXBuildFile; fileRef = 0CFA4E58239D9E9F00FE1C71 /* userinfo.json */; };
		0CFA4E5B239D9F2C00FE1C71 /* ViewController.swift in Sources */ = {isa = PBXBuildFile; fileRef = 0CFA4E5A239D9F2C00FE1C71 /* ViewController.swift */; };
/* End PBXBuildFile section */

/* Begin PBXFileReference section */
		0CFA4E3B239D9E3500FE1C71 /* PeopleAndAppleStockPricesV2.app */ = {isa = PBXFileReference; explicitFileType = wrapper.application; includeInIndex = 0; path = PeopleAndAppleStockPricesV2.app; sourceTree = BUILT_PRODUCTS_DIR; };
		0CFA4E3E239D9E3500FE1C71 /* AppDelegate.swift */ = {isa = PBXFileReference; lastKnownFileType = sourcecode.swift; path = AppDelegate.swift; sourceTree = "<group>"; };
		0CFA4E40239D9E3500FE1C71 /* SceneDelegate.swift */ = {isa = PBXFileReference; lastKnownFileType = sourcecode.swift; path = SceneDelegate.swift; sourceTree = "<group>"; };
		0CFA4E45239D9E3500FE1C71 /* Base */ = {isa = PBXFileReference; lastKnownFileType = file.storyboard; name = Base; path = Base.lproj/Main.storyboard; sourceTree = "<group>"; };
		0CFA4E47239D9E3800FE1C71 /* Assets.xcassets */ = {isa = PBXFileReference; lastKnownFileType = folder.assetcatalog; path = Assets.xcassets; sourceTree = "<group>"; };
		0CFA4E4A239D9E3800FE1C71 /* Base */ = {isa = PBXFileReference; lastKnownFileType = file.storyboard; name = Base; path = Base.lproj/LaunchScreen.storyboard; sourceTree = "<group>"; };
		0CFA4E4C239D9E3800FE1C71 /* Info.plist */ = {isa = PBXFileReference; lastKnownFileType = text.plist.xml; path = Info.plist; sourceTree = "<group>"; };
		0CFA4E54239D9E8800FE1C71 /* Bundle+Extensions.swift */ = {isa = PBXFileReference; fileEncoding = 4; lastKnownFileType = sourcecode.swift; name = "Bundle+Extensions.swift"; path = "../../PeopleAndAppleStockPrices/PeopleAndAppleStockPrices/Bundle+Extensions.swift"; sourceTree = "<group>"; };
		0CFA4E56239D9E9000FE1C71 /* UserInfo.swift */ = {isa = PBXFileReference; fileEncoding = 4; lastKnownFileType = sourcecode.swift; name = UserInfo.swift; path = ../../PeopleAndAppleStockPrices/PeopleAndAppleStockPrices/UserInfo/UserInfo.swift; sourceTree = "<group>"; };
		0CFA4E58239D9E9F00FE1C71 /* userinfo.json */ = {isa = PBXFileReference; fileEncoding = 4; lastKnownFileType = text.json; name = userinfo.json; path = ../PeopleAndAppleStockPrices/PeopleAndAppleStockPrices/userinfo.json; sourceTree = "<group>"; };
		0CFA4E5A239D9F2C00FE1C71 /* ViewController.swift */ = {isa = PBXFileReference; fileEncoding = 4; lastKnownFileType = sourcecode.swift; name = ViewController.swift; path = ../../PeopleAndAppleStockPrices/PeopleAndAppleStockPrices/UserInfo/ViewController.swift; sourceTree = "<group>"; };
/* End PBXFileReference section */

/* Begin PBXFrameworksBuildPhase section */
		0CFA4E38239D9E3500FE1C71 /* Frameworks */ = {
			isa = PBXFrameworksBuildPhase;
			buildActionMask = 2147483647;
			files = (
			);
			runOnlyForDeploymentPostprocessing = 0;
		};
/* End PBXFrameworksBuildPhase section */

/* Begin PBXGroup section */
		0CFA4E32239D9E3500FE1C71 = {
			isa = PBXGroup;
			children = (
				0CFA4E58239D9E9F00FE1C71 /* userinfo.json */,
				0CFA4E3D239D9E3500FE1C71 /* PeopleAndAppleStockPricesV2 */,
				0CFA4E3C239D9E3500FE1C71 /* Products */,
			);
			sourceTree = "<group>";
		};
		0CFA4E3C239D9E3500FE1C71 /* Products */ = {
			isa = PBXGroup;
			children = (
				0CFA4E3B239D9E3500FE1C71 /* PeopleAndAppleStockPricesV2.app */,
			);
			name = Products;
			sourceTree = "<group>";
		};
		0CFA4E3D239D9E3500FE1C71 /* PeopleAndAppleStockPricesV2 */ = {
			isa = PBXGroup;
			children = (
				0CFA4E3E239D9E3500FE1C71 /* AppDelegate.swift */,
				0CFA4E40239D9E3500FE1C71 /* SceneDelegate.swift */,
				0CFA4E54239D9E8800FE1C71 /* Bundle+Extensions.swift */,
				0CFA4E5A239D9F2C00FE1C71 /* ViewController.swift */,
				0CFA4E56239D9E9000FE1C71 /* UserInfo.swift */,
				0CFA4E44239D9E3500FE1C71 /* Main.storyboard */,
				0CFA4E47239D9E3800FE1C71 /* Assets.xcassets */,
				0CFA4E49239D9E3800FE1C71 /* LaunchScreen.storyboard */,
				0CFA4E4C239D9E3800FE1C71 /* Info.plist */,
			);
			path = PeopleAndAppleStockPricesV2;
			sourceTree = "<group>";
		};
/* End PBXGroup section */

/* Begin PBXNativeTarget section */
		0CFA4E3A239D9E3500FE1C71 /* PeopleAndAppleStockPricesV2 */ = {
			isa = PBXNativeTarget;
			buildConfigurationList = 0CFA4E4F239D9E3800FE1C71 /* Build configuration list for PBXNativeTarget "PeopleAndAppleStockPricesV2" */;
			buildPhases = (
				0CFA4E37239D9E3500FE1C71 /* Sources */,
				0CFA4E38239D9E3500FE1C71 /* Frameworks */,
				0CFA4E39239D9E3500FE1C71 /* Resources */,
			);
			buildRules = (
			);
			dependencies = (
			);
			name = PeopleAndAppleStockPricesV2;
			productName = PeopleAndAppleStockPricesV2;
			productReference = 0CFA4E3B239D9E3500FE1C71 /* PeopleAndAppleStockPricesV2.app */;
			productType = "com.apple.product-type.application";
		};
/* End PBXNativeTarget section */

/* Begin PBXProject section */
		0CFA4E33239D9E3500FE1C71 /* Project object */ = {
			isa = PBXProject;
			attributes = {
				LastSwiftUpdateCheck = 1120;
				LastUpgradeCheck = 1120;
				ORGANIZATIONNAME = "Matthew Ramos";
				TargetAttributes = {
					0CFA4E3A239D9E3500FE1C71 = {
						CreatedOnToolsVersion = 11.2.1;
					};
				};
			};
			buildConfigurationList = 0CFA4E36239D9E3500FE1C71 /* Build configuration list for PBXProject "PeopleAndAppleStockPricesV2" */;
			compatibilityVersion = "Xcode 9.3";
			developmentRegion = en;
			hasScannedForEncodings = 0;
			knownRegions = (
				en,
				Base,
			);
			mainGroup = 0CFA4E32239D9E3500FE1C71;
			productRefGroup = 0CFA4E3C239D9E3500FE1C71 /* Products */;
			projectDirPath = "";
			projectRoot = "";
			targets = (
				0CFA4E3A239D9E3500FE1C71 /* PeopleAndAppleStockPricesV2 */,
			);
		};
/* End PBXProject section */

/* Begin PBXResourcesBuildPhase section */
		0CFA4E39239D9E3500FE1C71 /* Resources */ = {
			isa = PBXResourcesBuildPhase;
			buildActionMask = 2147483647;
			files = (
				0CFA4E59239D9E9F00FE1C71 /* userinfo.json in Resources */,
				0CFA4E4B239D9E3800FE1C71 /* LaunchScreen.storyboard in Resources */,
				0CFA4E48239D9E3800FE1C71 /* Assets.xcassets in Resources */,
				0CFA4E46239D9E3500FE1C71 /* Main.storyboard in Resources */,
			);
			runOnlyForDeploymentPostprocessing = 0;
		};
/* End PBXResourcesBuildPhase section */

/* Begin PBXSourcesBuildPhase section */
		0CFA4E37239D9E3500FE1C71 /* Sources */ = {
			isa = PBXSourcesBuildPhase;
			buildActionMask = 2147483647;
			files = (
				0CFA4E5B239D9F2C00FE1C71 /* ViewController.swift in Sources */,
				0CFA4E3F239D9E3500FE1C71 /* AppDelegate.swift in Sources */,
				0CFA4E41239D9E3500FE1C71 /* SceneDelegate.swift in Sources */,
				0CFA4E57239D9E9000FE1C71 /* UserInfo.swift in Sources */,
				0CFA4E55239D9E8800FE1C71 /* Bundle+Extensions.swift in Sources */,
			);
			runOnlyForDeploymentPostprocessing = 0;
		};
/* End PBXSourcesBuildPhase section */

/* Begin PBXVariantGroup section */
		0CFA4E44239D9E3500FE1C71 /* Main.storyboard */ = {
			isa = PBXVariantGroup;
			children = (
				0CFA4E45239D9E3500FE1C71 /* Base */,
			);
			name = Main.storyboard;
			sourceTree = "<group>";
		};
		0CFA4E49239D9E3800FE1C71 /* LaunchScreen.storyboard */ = {
			isa = PBXVariantGroup;
			children = (
				0CFA4E4A239D9E3800FE1C71 /* Base */,
			);
			name = LaunchScreen.storyboard;
			sourceTree = "<group>";
		};
/* End PBXVariantGroup section */

/* Begin XCBuildConfiguration section */
		0CFA4E4D239D9E3800FE1C71 /* Debug */ = {
			isa = XCBuildConfiguration;
			buildSettings = {
				ALWAYS_SEARCH_USER_PATHS = NO;
				CLANG_ANALYZER_NONNULL = YES;
				CLANG_ANALYZER_NUMBER_OBJECT_CONVERSION = YES_AGGRESSIVE;
				CLANG_CXX_LANGUAGE_STANDARD = "gnu++14";
				CLANG_CXX_LIBRARY = "libc++";
				CLANG_ENABLE_MODULES = YES;
				CLANG_ENABLE_OBJC_ARC = YES;
				CLANG_ENABLE_OBJC_WEAK = YES;
				CLANG_WARN_BLOCK_CAPTURE_AUTORELEASING = YES;
				CLANG_WARN_BOOL_CONVERSION = YES;
				CLANG_WARN_COMMA = YES;
				CLANG_WARN_CONSTANT_CONVERSION = YES;
				CLANG_WARN_DEPRECATED_OBJC_IMPLEMENTATIONS = YES;
				CLANG_WARN_DIRECT_OBJC_ISA_USAGE = YES_ERROR;
				CLANG_WARN_DOCUMENTATION_COMMENTS = YES;
				CLANG_WARN_EMPTY_BODY = YES;
				CLANG_WARN_ENUM_CONVERSION = YES;
				CLANG_WARN_INFINITE_RECURSION = YES;
				CLANG_WARN_INT_CONVERSION = YES;
				CLANG_WARN_NON_LITERAL_NULL_CONVERSION = YES;
				CLANG_WARN_OBJC_IMPLICIT_RETAIN_SELF = YES;
				CLANG_WARN_OBJC_LITERAL_CONVERSION = YES;
				CLANG_WARN_OBJC_ROOT_CLASS = YES_ERROR;
				CLANG_WARN_RANGE_LOOP_ANALYSIS = YES;
				CLANG_WARN_STRICT_PROTOTYPES = YES;
				CLANG_WARN_SUSPICIOUS_MOVE = YES;
				CLANG_WARN_UNGUARDED_AVAILABILITY = YES_AGGRESSIVE;
				CLANG_WARN_UNREACHABLE_CODE = YES;
				CLANG_WARN__DUPLICATE_METHOD_MATCH = YES;
				COPY_PHASE_STRIP = NO;
				DEBUG_INFORMATION_FORMAT = dwarf;
				ENABLE_STRICT_OBJC_MSGSEND = YES;
				ENABLE_TESTABILITY = YES;
				GCC_C_LANGUAGE_STANDARD = gnu11;
				GCC_DYNAMIC_NO_PIC = NO;
				GCC_NO_COMMON_BLOCKS = YES;
				GCC_OPTIMIZATION_LEVEL = 0;
				GCC_PREPROCESSOR_DEFINITIONS = (
					"DEBUG=1",
					"$(inherited)",
				);
				GCC_WARN_64_TO_32_BIT_CONVERSION = YES;
				GCC_WARN_ABOUT_RETURN_TYPE = YES_ERROR;
				GCC_WARN_UNDECLARED_SELECTOR = YES;
				GCC_WARN_UNINITIALIZED_AUTOS = YES_AGGRESSIVE;
				GCC_WARN_UNUSED_FUNCTION = YES;
				GCC_WARN_UNUSED_VARIABLE = YES;
				IPHONEOS_DEPLOYMENT_TARGET = 13.2;
				MTL_ENABLE_DEBUG_INFO = INCLUDE_SOURCE;
				MTL_FAST_MATH = YES;
				ONLY_ACTIVE_ARCH = YES;
				SDKROOT = iphoneos;
				SWIFT_ACTIVE_COMPILATION_CONDITIONS = DEBUG;
				SWIFT_OPTIMIZATION_LEVEL = "-Onone";
			};
			name = Debug;
		};
		0CFA4E4E239D9E3800FE1C71 /* Release */ = {
			isa = XCBuildConfiguration;
			buildSettings = {
				ALWAYS_SEARCH_USER_PATHS = NO;
				CLANG_ANALYZER_NONNULL = YES;
				CLANG_ANALYZER_NUMBER_OBJECT_CONVERSION = YES_AGGRESSIVE;
				CLANG_CXX_LANGUAGE_STANDARD = "gnu++14";
				CLANG_CXX_LIBRARY = "libc++";
				CLANG_ENABLE_MODULES = YES;
				CLANG_ENABLE_OBJC_ARC = YES;
				CLANG_ENABLE_OBJC_WEAK = YES;
				CLANG_WARN_BLOCK_CAPTURE_AUTORELEASING = YES;
				CLANG_WARN_BOOL_CONVERSION = YES;
				CLANG_WARN_COMMA = YES;
				CLANG_WARN_CONSTANT_CONVERSION = YES;
				CLANG_WARN_DEPRECATED_OBJC_IMPLEMENTATIONS = YES;
				CLANG_WARN_DIRECT_OBJC_ISA_USAGE = YES_ERROR;
				CLANG_WARN_DOCUMENTATION_COMMENTS = YES;
				CLANG_WARN_EMPTY_BODY = YES;
				CLANG_WARN_ENUM_CONVERSION = YES;
				CLANG_WARN_INFINITE_RECURSION = YES;
				CLANG_WARN_INT_CONVERSION = YES;
				CLANG_WARN_NON_LITERAL_NULL_CONVERSION = YES;
				CLANG_WARN_OBJC_IMPLICIT_RETAIN_SELF = YES;
				CLANG_WARN_OBJC_LITERAL_CONVERSION = YES;
				CLANG_WARN_OBJC_ROOT_CLASS = YES_ERROR;
				CLANG_WARN_RANGE_LOOP_ANALYSIS = YES;
				CLANG_WARN_STRICT_PROTOTYPES = YES;
				CLANG_WARN_SUSPICIOUS_MOVE = YES;
				CLANG_WARN_UNGUARDED_AVAILABILITY = YES_AGGRESSIVE;
				CLANG_WARN_UNREACHABLE_CODE = YES;
				CLANG_WARN__DUPLICATE_METHOD_MATCH = YES;
				COPY_PHASE_STRIP = NO;
				DEBUG_INFORMATION_FORMAT = "dwarf-with-dsym";
				ENABLE_NS_ASSERTIONS = NO;
				ENABLE_STRICT_OBJC_MSGSEND = YES;
				GCC_C_LANGUAGE_STANDARD = gnu11;
				GCC_NO_COMMON_BLOCKS = YES;
				GCC_WARN_64_TO_32_BIT_CONVERSION = YES;
				GCC_WARN_ABOUT_RETURN_TYPE = YES_ERROR;
				GCC_WARN_UNDECLARED_SELECTOR = YES;
				GCC_WARN_UNINITIALIZED_AUTOS = YES_AGGRESSIVE;
				GCC_WARN_UNUSED_FUNCTION = YES;
				GCC_WARN_UNUSED_VARIABLE = YES;
				IPHONEOS_DEPLOYMENT_TARGET = 13.2;
				MTL_ENABLE_DEBUG_INFO = NO;
				MTL_FAST_MATH = YES;
				SDKROOT = iphoneos;
				SWIFT_COMPILATION_MODE = wholemodule;
				SWIFT_OPTIMIZATION_LEVEL = "-O";
				VALIDATE_PRODUCT = YES;
			};
			name = Release;
		};
		0CFA4E50239D9E3800FE1C71 /* Debug */ = {
			isa = XCBuildConfiguration;
			buildSettings = {
				ASSETCATALOG_COMPILER_APPICON_NAME = AppIcon;
				CODE_SIGN_STYLE = Automatic;
				DEVELOPMENT_TEAM = HHA5GS3CVN;
				INFOPLIST_FILE = PeopleAndAppleStockPricesV2/Info.plist;
				LD_RUNPATH_SEARCH_PATHS = (
					"$(inherited)",
					"@executable_path/Frameworks",
				);
				PRODUCT_BUNDLE_IDENTIFIER = com.matthewramos.PeopleAndAppleStockPricesV2;
				PRODUCT_NAME = "$(TARGET_NAME)";
				SWIFT_VERSION = 5.0;
				TARGETED_DEVICE_FAMILY = "1,2";
			};
			name = Debug;
		};
		0CFA4E51239D9E3800FE1C71 /* Release */ = {
			isa = XCBuildConfiguration;
			buildSettings = {
				ASSETCATALOG_COMPILER_APPICON_NAME = AppIcon;
				CODE_SIGN_STYLE = Automatic;
				DEVELOPMENT_TEAM = HHA5GS3CVN;
				INFOPLIST_FILE = PeopleAndAppleStockPricesV2/Info.plist;
				LD_RUNPATH_SEARCH_PATHS = (
					"$(inherited)",
					"@executable_path/Frameworks",
				);
				PRODUCT_BUNDLE_IDENTIFIER = com.matthewramos.PeopleAndAppleStockPricesV2;
				PRODUCT_NAME = "$(TARGET_NAME)";
				SWIFT_VERSION = 5.0;
				TARGETED_DEVICE_FAMILY = "1,2";
			};
			name = Release;
		};
/* End XCBuildConfiguration section */

/* Begin XCConfigurationList section */
		0CFA4E36239D9E3500FE1C71 /* Build configuration list for PBXProject "PeopleAndAppleStockPricesV2" */ = {
			isa = XCConfigurationList;
			buildConfigurations = (
				0CFA4E4D239D9E3800FE1C71 /* Debug */,
				0CFA4E4E239D9E3800FE1C71 /* Release */,
			);
			defaultConfigurationIsVisible = 0;
			defaultConfigurationName = Release;
		};
		0CFA4E4F239D9E3800FE1C71 /* Build configuration list for PBXNativeTarget "PeopleAndAppleStockPricesV2" */ = {
			isa = XCConfigurationList;
			buildConfigurations = (
				0CFA4E50239D9E3800FE1C71 /* Debug */,
				0CFA4E51239D9E3800FE1C71 /* Release */,
			);
			defaultConfigurationIsVisible = 0;
			defaultConfigurationName = Release;
		};
/* End XCConfigurationList section */
	};
	rootObject = 0CFA4E33239D9E3500FE1C71 /* Project object */;
}
